
Microsoft Visual Studio Solution File, Format Version 12.00
# Visual Studio Version 17
VisualStudioVersion = 17.9.34714.143
MinimumVisualStudioVersion = 10.0.40219.1
Project("{9A19103F-16F7-4668-BE54-9A1E7A4F7556}") = "Homework3-Calculator", "Homework3-Calculator\Homework3-Calculator.csproj", "{3AEAA9CD-F745-473F-9044-403196A1F41C}"
EndProject
Project("{2150E333-8FDC-42A3-9474-1A3956D46DE8}") = "Solution Items", "Solution Items", "{A5DC716E-A068-44A0-9579-3F5FB2FC99DA}"
	ProjectSection(SolutionItems) = preProject
		..\.gitignore = ..\.gitignore
		..\README.md = ..\README.md
	EndProjectSection
EndProject
Project("{FAE04EC0-301F-11D3-BF4B-00C04F79EFBC}") = "Homework7-8-AnimalInheritanceExample", "Homework7-8-AnimalInheritanceExample\Homework7-8-AnimalInheritanceExample.csproj", "{02211A57-C3B3-4E31-BFF5-31B82F473454}"
EndProject
Project("{9A19103F-16F7-4668-BE54-9A1E7A4F7556}") = "Homework5-TextAnalyzer", "Homework5-TextAnalyzer\Homework5-TextAnalyzer.csproj", "{4E9D577F-C58C-4E13-8BA8-A06971C9A0B8}"
EndProject
Project("{9A19103F-16F7-4668-BE54-9A1E7A4F7556}") = "Homework7-8-AnimalInheritanceExample", "Homework7-8-AnimalInheritanceExample\Homework7-8-AnimalInheritanceExample.csproj", "{02211A57-C3B3-4E31-BFF5-31B82F473454}"
EndProject
Global
	GlobalSection(SolutionConfigurationPlatforms) = preSolution
		Debug|Any CPU = Debug|Any CPU
		Release|Any CPU = Release|Any CPU
	EndGlobalSection
	GlobalSection(ProjectConfigurationPlatforms) = postSolution
		{3AEAA9CD-F745-473F-9044-403196A1F41C}.Debug|Any CPU.ActiveCfg = Debug|Any CPU
		{3AEAA9CD-F745-473F-9044-403196A1F41C}.Debug|Any CPU.Build.0 = Debug|Any CPU
		{3AEAA9CD-F745-473F-9044-403196A1F41C}.Release|Any CPU.ActiveCfg = Release|Any CPU
		{3AEAA9CD-F745-473F-9044-403196A1F41C}.Release|Any CPU.Build.0 = Release|Any CPU
		{1FE218D8-CF85-49B6-B00D-D1D8F7BC41A8}.Debug|Any CPU.ActiveCfg = Debug|Any CPU
		{1FE218D8-CF85-49B6-B00D-D1D8F7BC41A8}.Debug|Any CPU.Build.0 = Debug|Any CPU
		{1FE218D8-CF85-49B6-B00D-D1D8F7BC41A8}.Release|Any CPU.ActiveCfg = Release|Any CPU
		{1FE218D8-CF85-49B6-B00D-D1D8F7BC41A8}.Release|Any CPU.Build.0 = Release|Any CPU
		{4E9D577F-C58C-4E13-8BA8-A06971C9A0B8}.Debug|Any CPU.ActiveCfg = Debug|Any CPU
		{4E9D577F-C58C-4E13-8BA8-A06971C9A0B8}.Debug|Any CPU.Build.0 = Debug|Any CPU
		{4E9D577F-C58C-4E13-8BA8-A06971C9A0B8}.Release|Any CPU.ActiveCfg = Release|Any CPU
		{4E9D577F-C58C-4E13-8BA8-A06971C9A0B8}.Release|Any CPU.Build.0 = Release|Any CPU
		{02211A57-C3B3-4E31-BFF5-31B82F473454}.Debug|Any CPU.ActiveCfg = Debug|Any CPU
		{02211A57-C3B3-4E31-BFF5-31B82F473454}.Debug|Any CPU.Build.0 = Debug|Any CPU
		{02211A57-C3B3-4E31-BFF5-31B82F473454}.Release|Any CPU.ActiveCfg = Release|Any CPU
		{02211A57-C3B3-4E31-BFF5-31B82F473454}.Release|Any CPU.Build.0 = Release|Any CPU
	EndGlobalSection
	GlobalSection(SolutionProperties) = preSolution
		HideSolutionNode = FALSE
	EndGlobalSection
	GlobalSection(ExtensibilityGlobals) = postSolution
		SolutionGuid = {30BA3DF4-EB64-4975-B358-0AD402857F89}
	EndGlobalSection
EndGlobal
